// !$*UTF8*$!
{
	archiveVersion = 1;
	classes = {
	};
	objectVersion = 46;
	objects = {

/* Begin PBXBuildFile section */
		8D6510D4189C3E2E00219DE7 /* Foundation.framework in Frameworks */ = {isa = PBXBuildFile; fileRef = 8D6510D3189C3E2E00219DE7 /* Foundation.framework */; };
		8D6510D6189C3E2E00219DE7 /* CoreGraphics.framework in Frameworks */ = {isa = PBXBuildFile; fileRef = 8D6510D5189C3E2E00219DE7 /* CoreGraphics.framework */; };
		8D6510D8189C3E2E00219DE7 /* UIKit.framework in Frameworks */ = {isa = PBXBuildFile; fileRef = 8D6510D7189C3E2E00219DE7 /* UIKit.framework */; };
		8D6510DE189C3E2F00219DE7 /* InfoPlist.strings in Resources */ = {isa = PBXBuildFile; fileRef = 8D6510DC189C3E2F00219DE7 /* InfoPlist.strings */; };
		8D6510E0189C3E2F00219DE7 /* main.m in Sources */ = {isa = PBXBuildFile; fileRef = 8D6510DF189C3E2F00219DE7 /* main.m */; };
		8D6510E4189C3E2F00219DE7 /* FCAppDelegate.m in Sources */ = {isa = PBXBuildFile; fileRef = 8D6510E3189C3E2F00219DE7 /* FCAppDelegate.m */; };
		8D6510E7189C3E2F00219DE7 /* Main.storyboard in Resources */ = {isa = PBXBuildFile; fileRef = 8D6510E5189C3E2F00219DE7 /* Main.storyboard */; };
		8D6510EA189C3E2F00219DE7 /* FCFirstViewController.m in Sources */ = {isa = PBXBuildFile; fileRef = 8D6510E9189C3E2F00219DE7 /* FCFirstViewController.m */; };
		8D6510ED189C3E2F00219DE7 /* FCSecondViewController.m in Sources */ = {isa = PBXBuildFile; fileRef = 8D6510EC189C3E2F00219DE7 /* FCSecondViewController.m */; };
		8D6510EF189C3E2F00219DE7 /* Images.xcassets in Resources */ = {isa = PBXBuildFile; fileRef = 8D6510EE189C3E2F00219DE7 /* Images.xcassets */; };
		8D6510F6189C3E2F00219DE7 /* XCTest.framework in Frameworks */ = {isa = PBXBuildFile; fileRef = 8D6510F5189C3E2F00219DE7 /* XCTest.framework */; };
		8D6510F7189C3E2F00219DE7 /* Foundation.framework in Frameworks */ = {isa = PBXBuildFile; fileRef = 8D6510D3189C3E2E00219DE7 /* Foundation.framework */; };
		8D6510F8189C3E2F00219DE7 /* UIKit.framework in Frameworks */ = {isa = PBXBuildFile; fileRef = 8D6510D7189C3E2E00219DE7 /* UIKit.framework */; };
		8D651100189C3E2F00219DE7 /* InfoPlist.strings in Resources */ = {isa = PBXBuildFile; fileRef = 8D6510FE189C3E2F00219DE7 /* InfoPlist.strings */; };
		8D651102189C3E2F00219DE7 /* FlashCards2014Tests.m in Sources */ = {isa = PBXBuildFile; fileRef = 8D651101189C3E2F00219DE7 /* FlashCards2014Tests.m */; };
/* End PBXBuildFile section */

/* Begin PBXContainerItemProxy section */
		8D6510F9189C3E2F00219DE7 /* PBXContainerItemProxy */ = {
			isa = PBXContainerItemProxy;
			containerPortal = 8D6510C8189C3E2E00219DE7 /* Project object */;
			proxyType = 1;
			remoteGlobalIDString = 8D6510CF189C3E2E00219DE7;
			remoteInfo = FlashCards2014;
		};
/* End PBXContainerItemProxy section */

/* Begin PBXFileReference section */
		8D6510D0189C3E2E00219DE7 /* FlashCards2014.app */ = {isa = PBXFileReference; explicitFileType = wrapper.application; includeInIndex = 0; path = FlashCards2014.app; sourceTree = BUILT_PRODUCTS_DIR; };
		8D6510D3189C3E2E00219DE7 /* Foundation.framework */ = {isa = PBXFileReference; lastKnownFileType = wrapper.framework; name = Foundation.framework; path = System/Library/Frameworks/Foundation.framework; sourceTree = SDKROOT; };
		8D6510D5189C3E2E00219DE7 /* CoreGraphics.framework */ = {isa = PBXFileReference; lastKnownFileType = wrapper.framework; name = CoreGraphics.framework; path = System/Library/Frameworks/CoreGraphics.framework; sourceTree = SDKROOT; };
		8D6510D7189C3E2E00219DE7 /* UIKit.framework */ = {isa = PBXFileReference; lastKnownFileType = wrapper.framework; name = UIKit.framework; path = System/Library/Frameworks/UIKit.framework; sourceTree = SDKROOT; };
		8D6510DB189C3E2F00219DE7 /* FlashCards2014-Info.plist */ = {isa = PBXFileReference; lastKnownFileType = text.plist.xml; path = "FlashCards2014-Info.plist"; sourceTree = "<group>"; };
		8D6510DD189C3E2F00219DE7 /* en */ = {isa = PBXFileReference; lastKnownFileType = text.plist.strings; name = en; path = en.lproj/InfoPlist.strings; sourceTree = "<group>"; };
		8D6510DF189C3E2F00219DE7 /* main.m */ = {isa = PBXFileReference; lastKnownFileType = sourcecode.c.objc; path = main.m; sourceTree = "<group>"; };
		8D6510E1189C3E2F00219DE7 /* FlashCards2014-Prefix.pch */ = {isa = PBXFileReference; lastKnownFileType = sourcecode.c.h; path = "FlashCards2014-Prefix.pch"; sourceTree = "<group>"; };
		8D6510E2189C3E2F00219DE7 /* FCAppDelegate.h */ = {isa = PBXFileReference; lastKnownFileType = sourcecode.c.h; path = FCAppDelegate.h; sourceTree = "<group>"; };
		8D6510E3189C3E2F00219DE7 /* FCAppDelegate.m */ = {isa = PBXFileReference; lastKnownFileType = sourcecode.c.objc; path = FCAppDelegate.m; sourceTree = "<group>"; };
		8D6510E6189C3E2F00219DE7 /* Base */ = {isa = PBXFileReference; lastKnownFileType = file.storyboard; name = Base; path = Base.lproj/Main.storyboard; sourceTree = "<group>"; };
		8D6510E8189C3E2F00219DE7 /* FCFirstViewController.h */ = {isa = PBXFileReference; lastKnownFileType = sourcecode.c.h; path = FCFirstViewController.h; sourceTree = "<group>"; };
		8D6510E9189C3E2F00219DE7 /* FCFirstViewController.m */ = {isa = PBXFileReference; lastKnownFileType = sourcecode.c.objc; path = FCFirstViewController.m; sourceTree = "<group>"; };
		8D6510EB189C3E2F00219DE7 /* FCSecondViewController.h */ = {isa = PBXFileReference; lastKnownFileType = sourcecode.c.h; path = FCSecondViewController.h; sourceTree = "<group>"; };
		8D6510EC189C3E2F00219DE7 /* FCSecondViewController.m */ = {isa = PBXFileReference; lastKnownFileType = sourcecode.c.objc; path = FCSecondViewController.m; sourceTree = "<group>"; };
		8D6510EE189C3E2F00219DE7 /* Images.xcassets */ = {isa = PBXFileReference; lastKnownFileType = folder.assetcatalog; path = Images.xcassets; sourceTree = "<group>"; };
		8D6510F4189C3E2F00219DE7 /* FlashCards2014Tests.xctest */ = {isa = PBXFileReference; explicitFileType = wrapper.cfbundle; includeInIndex = 0; path = FlashCards2014Tests.xctest; sourceTree = BUILT_PRODUCTS_DIR; };
		8D6510F5189C3E2F00219DE7 /* XCTest.framework */ = {isa = PBXFileReference; lastKnownFileType = wrapper.framework; name = XCTest.framework; path = Library/Frameworks/XCTest.framework; sourceTree = DEVELOPER_DIR; };
		8D6510FD189C3E2F00219DE7 /* FlashCards2014Tests-Info.plist */ = {isa = PBXFileReference; lastKnownFileType = text.plist.xml; path = "FlashCards2014Tests-Info.plist"; sourceTree = "<group>"; };
		8D6510FF189C3E2F00219DE7 /* en */ = {isa = PBXFileReference; lastKnownFileType = text.plist.strings; name = en; path = en.lproj/InfoPlist.strings; sourceTree = "<group>"; };
		8D651101189C3E2F00219DE7 /* FlashCards2014Tests.m */ = {isa = PBXFileReference; lastKnownFileType = sourcecode.c.objc; path = FlashCards2014Tests.m; sourceTree = "<group>"; };
/* End PBXFileReference section */

/* Begin PBXFrameworksBuildPhase section */
		8D6510CD189C3E2E00219DE7 /* Frameworks */ = {
			isa = PBXFrameworksBuildPhase;
			buildActionMask = 2147483647;
			files = (
				8D6510D6189C3E2E00219DE7 /* CoreGraphics.framework in Frameworks */,
				8D6510D8189C3E2E00219DE7 /* UIKit.framework in Frameworks */,
				8D6510D4189C3E2E00219DE7 /* Foundation.framework in Frameworks */,
			);
			runOnlyForDeploymentPostprocessing = 0;
		};
		8D6510F1189C3E2F00219DE7 /* Frameworks */ = {
			isa = PBXFrameworksBuildPhase;
			buildActionMask = 2147483647;
			files = (
				8D6510F6189C3E2F00219DE7 /* XCTest.framework in Frameworks */,
				8D6510F8189C3E2F00219DE7 /* UIKit.framework in Frameworks */,
				8D6510F7189C3E2F00219DE7 /* Foundation.framework in Frameworks */,
			);
			runOnlyForDeploymentPostprocessing = 0;
		};
/* End PBXFrameworksBuildPhase section */

/* Begin PBXGroup section */
		8D6510C7189C3E2E00219DE7 = {
			isa = PBXGroup;
			children = (
				8D6510D9189C3E2E00219DE7 /* FlashCards2014 */,
				8D6510FB189C3E2F00219DE7 /* FlashCards2014Tests */,
				8D6510D2189C3E2E00219DE7 /* Frameworks */,
				8D6510D1189C3E2E00219DE7 /* Products */,
			);
			sourceTree = "<group>";
		};
		8D6510D1189C3E2E00219DE7 /* Products */ = {
			isa = PBXGroup;
			children = (
				8D6510D0189C3E2E00219DE7 /* FlashCards2014.app */,
				8D6510F4189C3E2F00219DE7 /* FlashCards2014Tests.xctest */,
			);
			name = Products;
			sourceTree = "<group>";
		};
		8D6510D2189C3E2E00219DE7 /* Frameworks */ = {
			isa = PBXGroup;
			children = (
				8D6510D3189C3E2E00219DE7 /* Foundation.framework */,
				8D6510D5189C3E2E00219DE7 /* CoreGraphics.framework */,
				8D6510D7189C3E2E00219DE7 /* UIKit.framework */,
				8D6510F5189C3E2F00219DE7 /* XCTest.framework */,
			);
			name = Frameworks;
			sourceTree = "<group>";
		};
		8D6510D9189C3E2E00219DE7 /* FlashCards2014 */ = {
			isa = PBXGroup;
			children = (
				8D6510E2189C3E2F00219DE7 /* FCAppDelegate.h */,
				8D6510E3189C3E2F00219DE7 /* FCAppDelegate.m */,
				8D6510E5189C3E2F00219DE7 /* Main.storyboard */,
				8D6510E8189C3E2F00219DE7 /* FCFirstViewController.h */,
				8D6510E9189C3E2F00219DE7 /* FCFirstViewController.m */,
				8D6510EB189C3E2F00219DE7 /* FCSecondViewController.h */,
				8D6510EC189C3E2F00219DE7 /* FCSecondViewController.m */,
				8D6510EE189C3E2F00219DE7 /* Images.xcassets */,
				8D6510DA189C3E2E00219DE7 /* Supporting Files */,
			);
			path = FlashCards2014;
			sourceTree = "<group>";
		};
		8D6510DA189C3E2E00219DE7 /* Supporting Files */ = {
			isa = PBXGroup;
			children = (
				8D6510DB189C3E2F00219DE7 /* FlashCards2014-Info.plist */,
				8D6510DC189C3E2F00219DE7 /* InfoPlist.strings */,
				8D6510DF189C3E2F00219DE7 /* main.m */,
				8D6510E1189C3E2F00219DE7 /* FlashCards2014-Prefix.pch */,
			);
			name = "Supporting Files";
			sourceTree = "<group>";
		};
		8D6510FB189C3E2F00219DE7 /* FlashCards2014Tests */ = {
			isa = PBXGroup;
			children = (
				8D651101189C3E2F00219DE7 /* FlashCards2014Tests.m */,
				8D6510FC189C3E2F00219DE7 /* Supporting Files */,
			);
			path = FlashCards2014Tests;
			sourceTree = "<group>";
		};
		8D6510FC189C3E2F00219DE7 /* Supporting Files */ = {
			isa = PBXGroup;
			children = (
				8D6510FD189C3E2F00219DE7 /* FlashCards2014Tests-Info.plist */,
				8D6510FE189C3E2F00219DE7 /* InfoPlist.strings */,
			);
			name = "Supporting Files";
			sourceTree = "<group>";
		};
/* End PBXGroup section */

/* Begin PBXNativeTarget section */
		8D6510CF189C3E2E00219DE7 /* FlashCards2014 */ = {
			isa = PBXNativeTarget;
			buildConfigurationList = 8D651105189C3E2F00219DE7 /* Build configuration list for PBXNativeTarget "FlashCards2014" */;
			buildPhases = (
				8D6510CC189C3E2E00219DE7 /* Sources */,
				8D6510CD189C3E2E00219DE7 /* Frameworks */,
				8D6510CE189C3E2E00219DE7 /* Resources */,
			);
			buildRules = (
			);
			dependencies = (
			);
			name = FlashCards2014;
			productName = FlashCards2014;
			productReference = 8D6510D0189C3E2E00219DE7 /* FlashCards2014.app */;
			productType = "com.apple.product-type.application";
		};
		8D6510F3189C3E2F00219DE7 /* FlashCards2014Tests */ = {
			isa = PBXNativeTarget;
			buildConfigurationList = 8D651108189C3E2F00219DE7 /* Build configuration list for PBXNativeTarget "FlashCards2014Tests" */;
			buildPhases = (
				8D6510F0189C3E2F00219DE7 /* Sources */,
				8D6510F1189C3E2F00219DE7 /* Frameworks */,
				8D6510F2189C3E2F00219DE7 /* Resources */,
			);
			buildRules = (
			);
			dependencies = (
				8D6510FA189C3E2F00219DE7 /* PBXTargetDependency */,
			);
			name = FlashCards2014Tests;
			productName = FlashCards2014Tests;
			productReference = 8D6510F4189C3E2F00219DE7 /* FlashCards2014Tests.xctest */;
			productType = "com.apple.product-type.bundle.unit-test";
		};
/* End PBXNativeTarget section */

/* Begin PBXProject section */
		8D6510C8189C3E2E00219DE7 /* Project object */ = {
			isa = PBXProject;
			attributes = {
				CLASSPREFIX = FC;
				LastUpgradeCheck = 0500;
				ORGANIZATIONNAME = "Yael Weinberg";
				TargetAttributes = {
					8D6510F3189C3E2F00219DE7 = {
						TestTargetID = 8D6510CF189C3E2E00219DE7;
					};
				};
			};
			buildConfigurationList = 8D6510CB189C3E2E00219DE7 /* Build configuration list for PBXProject "FlashCards2014" */;
			compatibilityVersion = "Xcode 3.2";
			developmentRegion = English;
			hasScannedForEncodings = 0;
			knownRegions = (
				en,
				Base,
			);
			mainGroup = 8D6510C7189C3E2E00219DE7;
			productRefGroup = 8D6510D1189C3E2E00219DE7 /* Products */;
			projectDirPath = "";
			projectRoot = "";
			targets = (
				8D6510CF189C3E2E00219DE7 /* FlashCards2014 */,
				8D6510F3189C3E2F00219DE7 /* FlashCards2014Tests */,
			);
		};
/* End PBXProject section */

/* Begin PBXResourcesBuildPhase section */
		8D6510CE189C3E2E00219DE7 /* Resources */ = {
			isa = PBXResourcesBuildPhase;
			buildActionMask = 2147483647;
			files = (
				8D6510EF189C3E2F00219DE7 /* Images.xcassets in Resources */,
				8D6510DE189C3E2F00219DE7 /* InfoPlist.strings in Resources */,
				8D6510E7189C3E2F00219DE7 /* Main.storyboard in Resources */,
			);
			runOnlyForDeploymentPostprocessing = 0;
		};
		8D6510F2189C3E2F00219DE7 /* Resources */ = {
			isa = PBXResourcesBuildPhase;
			buildActionMask = 2147483647;
			files = (
				8D651100189C3E2F00219DE7 /* InfoPlist.strings in Resources */,
			);
			runOnlyForDeploymentPostprocessing = 0;
		};
/* End PBXResourcesBuildPhase section */

/* Begin PBXSourcesBuildPhase section */
		8D6510CC189C3E2E00219DE7 /* Sources */ = {
			isa = PBXSourcesBuildPhase;
			buildActionMask = 2147483647;
			files = (
				8D6510E0189C3E2F00219DE7 /* main.m in Sources */,
				8D6510EA189C3E2F00219DE7 /* FCFirstViewController.m in Sources */,
				8D6510E4189C3E2F00219DE7 /* FCAppDelegate.m in Sources */,
				8D6510ED189C3E2F00219DE7 /* FCSecondViewController.m in Sources */,
			);
			runOnlyForDeploymentPostprocessing = 0;
		};
		8D6510F0189C3E2F00219DE7 /* Sources */ = {
			isa = PBXSourcesBuildPhase;
			buildActionMask = 2147483647;
			files = (
				8D651102189C3E2F00219DE7 /* FlashCards2014Tests.m in Sources */,
			);
			runOnlyForDeploymentPostprocessing = 0;
		};
/* End PBXSourcesBuildPhase section */

/* Begin PBXTargetDependency section */
		8D6510FA189C3E2F00219DE7 /* PBXTargetDependency */ = {
			isa = PBXTargetDependency;
			target = 8D6510CF189C3E2E00219DE7 /* FlashCards2014 */;
			targetProxy = 8D6510F9189C3E2F00219DE7 /* PBXContainerItemProxy */;
		};
/* End PBXTargetDependency section */

/* Begin PBXVariantGroup section */
		8D6510DC189C3E2F00219DE7 /* InfoPlist.strings */ = {
			isa = PBXVariantGroup;
			children = (
				8D6510DD189C3E2F00219DE7 /* en */,
			);
			name = InfoPlist.strings;
			sourceTree = "<group>";
		};
		8D6510E5189C3E2F00219DE7 /* Main.storyboard */ = {
			isa = PBXVariantGroup;
			children = (
				8D6510E6189C3E2F00219DE7 /* Base */,
			);
			name = Main.storyboard;
			sourceTree = "<group>";
		};
		8D6510FE189C3E2F00219DE7 /* InfoPlist.strings */ = {
			isa = PBXVariantGroup;
			children = (
				8D6510FF189C3E2F00219DE7 /* en */,
			);
			name = InfoPlist.strings;
			sourceTree = "<group>";
		};
/* End PBXVariantGroup section */

/* Begin XCBuildConfiguration section */
		8D651103189C3E2F00219DE7 /* Debug */ = {
			isa = XCBuildConfiguration;
			buildSettings = {
				ALWAYS_SEARCH_USER_PATHS = NO;
				ARCHS = "$(ARCHS_STANDARD_INCLUDING_64_BIT)";
				CLANG_CXX_LANGUAGE_STANDARD = "gnu++0x";
				CLANG_CXX_LIBRARY = "libc++";
				CLANG_ENABLE_MODULES = YES;
				CLANG_ENABLE_OBJC_ARC = YES;
				CLANG_WARN_BOOL_CONVERSION = YES;
				CLANG_WARN_CONSTANT_CONVERSION = YES;
				CLANG_WARN_DIRECT_OBJC_ISA_USAGE = YES_ERROR;
				CLANG_WARN_EMPTY_BODY = YES;
				CLANG_WARN_ENUM_CONVERSION = YES;
				CLANG_WARN_INT_CONVERSION = YES;
				CLANG_WARN_OBJC_ROOT_CLASS = YES_ERROR;
				CLANG_WARN__DUPLICATE_METHOD_MATCH = YES;
				"CODE_SIGN_IDENTITY[sdk=iphoneos*]" = "iPhone Developer";
				COPY_PHASE_STRIP = NO;
				GCC_C_LANGUAGE_STANDARD = gnu99;
				GCC_DYNAMIC_NO_PIC = NO;
				GCC_OPTIMIZATION_LEVEL = 0;
				GCC_PREPROCESSOR_DEFINITIONS = (
					"DEBUG=1",
					"$(inherited)",
				);
				GCC_SYMBOLS_PRIVATE_EXTERN = NO;
				GCC_WARN_64_TO_32_BIT_CONVERSION = YES;
				GCC_WARN_ABOUT_RETURN_TYPE = YES_ERROR;
				GCC_WARN_UNDECLARED_SELECTOR = YES;
				GCC_WARN_UNINITIALIZED_AUTOS = YES;
				GCC_WARN_UNUSED_FUNCTION = YES;
				GCC_WARN_UNUSED_VARIABLE = YES;
				IPHONEOS_DEPLOYMENT_TARGET = 7.0;
				ONLY_ACTIVE_ARCH = YES;
				SDKROOT = iphoneos;
				TARGETED_DEVICE_FAMILY = 2;
			};
			name = Debug;
		};
		8D651104189C3E2F00219DE7 /* Release */ = {
			isa = XCBuildConfiguration;
			buildSettings = {
				ALWAYS_SEARCH_USER_PATHS = NO;
				ARCHS = "$(ARCHS_STANDARD_INCLUDING_64_BIT)";
				CLANG_CXX_LANGUAGE_STANDARD = "gnu++0x";
				CLANG_CXX_LIBRARY = "libc++";
				CLANG_ENABLE_MODULES = YES;
				CLANG_ENABLE_OBJC_ARC = YES;
				CLANG_WARN_BOOL_CONVERSION = YES;
				CLANG_WARN_CONSTANT_CONVERSION = YES;
				CLANG_WARN_DIRECT_OBJC_ISA_USAGE = YES_ERROR;
				CLANG_WARN_EMPTY_BODY = YES;
				CLANG_WARN_ENUM_CONVERSION = YES;
				CLANG_WARN_INT_CONVERSION = YES;
				CLANG_WARN_OBJC_ROOT_CLASS = YES_ERROR;
				CLANG_WARN__DUPLICATE_METHOD_MATCH = YES;
				"CODE_SIGN_IDENTITY[sdk=iphoneos*]" = "iPhone Developer";
				COPY_PHASE_STRIP = YES;
				ENABLE_NS_ASSERTIONS = NO;
				GCC_C_LANGUAGE_STANDARD = gnu99;
				GCC_WARN_64_TO_32_BIT_CONVERSION = YES;
				GCC_WARN_ABOUT_RETURN_TYPE = YES_ERROR;
				GCC_WARN_UNDECLARED_SELECTOR = YES;
				GCC_WARN_UNINITIALIZED_AUTOS = YES;
				GCC_WARN_UNUSED_FUNCTION = YES;
				GCC_WARN_UNUSED_VARIABLE = YES;
				IPHONEOS_DEPLOYMENT_TARGET = 7.0;
				SDKROOT = iphoneos;
				TARGETED_DEVICE_FAMILY = 2;
				VALIDATE_PRODUCT = YES;
			};
			name = Release;
		};
		8D651106189C3E2F00219DE7 /* Debug */ = {
			isa = XCBuildConfiguration;
			buildSettings = {
				ASSETCATALOG_COMPILER_APPICON_NAME = AppIcon;
				ASSETCATALOG_COMPILER_LAUNCHIMAGE_NAME = LaunchImage;
				GCC_PRECOMPILE_PREFIX_HEADER = YES;
				GCC_PREFIX_HEADER = "FlashCards2014/FlashCards2014-Prefix.pch";
				INFOPLIST_FILE = "FlashCards2014/FlashCards2014-Info.plist";
				PRODUCT_NAME = "$(TARGET_NAME)";
				WRAPPER_EXTENSION = app;
			};
			name = Debug;
		};
		8D651107189C3E2F00219DE7 /* Release */ = {
			isa = XCBuildConfiguration;
			buildSettings = {
				ASSETCATALOG_COMPILER_APPICON_NAME = AppIcon;
				ASSETCATALOG_COMPILER_LAUNCHIMAGE_NAME = LaunchImage;
				GCC_PRECOMPILE_PREFIX_HEADER = YES;
				GCC_PREFIX_HEADER = "FlashCards2014/FlashCards2014-Prefix.pch";
				INFOPLIST_FILE = "FlashCards2014/FlashCards2014-Info.plist";
				PRODUCT_NAME = "$(TARGET_NAME)";
				WRAPPER_EXTENSION = app;
			};
			name = Release;
		};
		8D651109189C3E2F00219DE7 /* Debug */ = {
			isa = XCBuildConfiguration;
			buildSettings = {
				ARCHS = "$(ARCHS_STANDARD_INCLUDING_64_BIT)";
				BUNDLE_LOADER = "$(BUILT_PRODUCTS_DIR)/FlashCards2014.app/FlashCards2014";
				FRAMEWORK_SEARCH_PATHS = (
					"$(SDKROOT)/Developer/Library/Frameworks",
					"$(inherited)",
					"$(DEVELOPER_FRAMEWORKS_DIR)",
				);
				GCC_PRECOMPILE_PREFIX_HEADER = YES;
				GCC_PREFIX_HEADER = "FlashCards2014/FlashCards2014-Prefix.pch";
				GCC_PREPROCESSOR_DEFINITIONS = (
					"DEBUG=1",
					"$(inherited)",
				);
				INFOPLIST_FILE = "FlashCards2014Tests/FlashCards2014Tests-Info.plist";
				PRODUCT_NAME = "$(TARGET_NAME)";
				TEST_HOST = "$(BUNDLE_LOADER)";
				WRAPPER_EXTENSION = xctest;
			};
			name = Debug;
		};
		8D65110A189C3E2F00219DE7 /* Release */ = {
			isa = XCBuildConfiguration;
			buildSettings = {
				ARCHS = "$(ARCHS_STANDARD_INCLUDING_64_BIT)";
				BUNDLE_LOADER = "$(BUILT_PRODUCTS_DIR)/FlashCards2014.app/FlashCards2014";
				FRAMEWORK_SEARCH_PATHS = (
					"$(SDKROOT)/Developer/Library/Frameworks",
					"$(inherited)",
					"$(DEVELOPER_FRAMEWORKS_DIR)",
				);
				GCC_PRECOMPILE_PREFIX_HEADER = YES;
				GCC_PREFIX_HEADER = "FlashCards2014/FlashCards2014-Prefix.pch";
				INFOPLIST_FILE = "FlashCards2014Tests/FlashCards2014Tests-Info.plist";
				PRODUCT_NAME = "$(TARGET_NAME)";
				TEST_HOST = "$(BUNDLE_LOADER)";
				WRAPPER_EXTENSION = xctest;
			};
			name = Release;
		};
/* End XCBuildConfiguration section */

/* Begin XCConfigurationList section */
		8D6510CB189C3E2E00219DE7 /* Build configuration list for PBXProject "FlashCards2014" */ = {
			isa = XCConfigurationList;
			buildConfigurations = (
				8D651103189C3E2F00219DE7 /* Debug */,
				8D651104189C3E2F00219DE7 /* Release */,
			);
			defaultConfigurationIsVisible = 0;
			defaultConfigurationName = Release;
		};
		8D651105189C3E2F00219DE7 /* Build configuration list for PBXNativeTarget "FlashCards2014" */ = {
			isa = XCConfigurationList;
			buildConfigurations = (
				8D651106189C3E2F00219DE7 /* Debug */,
				8D651107189C3E2F00219DE7 /* Release */,
			);
			defaultConfigurationIsVisible = 0;
		};
		8D651108189C3E2F00219DE7 /* Build configuration list for PBXNativeTarget "FlashCards2014Tests" */ = {
			isa = XCConfigurationList;
			buildConfigurations = (
				8D651109189C3E2F00219DE7 /* Debug */,
				8D65110A189C3E2F00219DE7 /* Release */,
			);
			defaultConfigurationIsVisible = 0;
		};
/* End XCConfigurationList section */
	};
	rootObject = 8D6510C8189C3E2E00219DE7 /* Project object */;
}
